
Microsoft Visual Studio Solution File, Format Version 12.00
# Visual Studio Version 17
VisualStudioVersion = 17.3.32901.215
MinimumVisualStudioVersion = 10.0.40219.1
Project("{8BC9CEB8-8B4A-11D0-8D11-00A0C91BC942}") = "DoubleLinkedList", "DoubleLinkedList\DoubleLinkedList.vcxproj", "{8FF21676-2BD5-4DEC-9964-BE008EDA3B2D}"
EndProject
Project("{8BC9CEB8-8B4A-11D0-8D11-00A0C91BC942}") = "DoubleLinkedList_DoubleOdd", "DoubleLinkedList_DoubleOdd\DoubleLinkedList_DoubleOdd.vcxproj", "{CC978D21-6AB7-4330-8D00-B2ED06A0E27B}"
EndProject
Project("{8BC9CEB8-8B4A-11D0-8D11-00A0C91BC942}") = "DoubleLinkedList_DoubleOdd_Iterator", "DoubleLinkedList_DoubleOdd_Iterator\DoubleLinkedList_DoubleOdd_Iterator.vcxproj", "{CF39D4A5-2012-40E3-A86F-07B7F7A27829}"
EndProject
Project("{8BC9CEB8-8B4A-11D0-8D11-00A0C91BC942}") = "Queue", "Queue\Queue.vcxproj", "{AAC56818-44AD-405F-B28A-11AAA93EDED2}"
EndProject
Project("{8BC9CEB8-8B4A-11D0-8D11-00A0C91BC942}") = "Queue_DivideQueues", "Queue_DivideQueues\Queue_DivideQueues.vcxproj", "{FEDE7B43-8B85-495F-9D9A-59328152DBE8}"
EndProject
Project("{8BC9CEB8-8B4A-11D0-8D11-00A0C91BC942}") = "Stack", "Stack\Stack.vcxproj", "{F9FC6C9F-D55F-4DAC-8235-8C38FAF851A9}"
EndProject
Project("{8BC9CEB8-8B4A-11D0-8D11-00A0C91BC942}") = "Stack_CountTheSameNeighbors", "Stack_CountTheSameNeighbors\Stack_CountTheSameNeighbors.vcxproj", "{4CD07E3E-D81B-4A3D-BAE0-42ED5B6678AD}"
EndProject
Global
	GlobalSection(SolutionConfigurationPlatforms) = preSolution
		Debug|x64 = Debug|x64
		Debug|x86 = Debug|x86
		Release|x64 = Release|x64
		Release|x86 = Release|x86
	EndGlobalSection
	GlobalSection(ProjectConfigurationPlatforms) = postSolution
		{8FF21676-2BD5-4DEC-9964-BE008EDA3B2D}.Debug|x64.ActiveCfg = Debug|x64
		{8FF21676-2BD5-4DEC-9964-BE008EDA3B2D}.Debug|x64.Build.0 = Debug|x64
		{8FF21676-2BD5-4DEC-9964-BE008EDA3B2D}.Debug|x86.ActiveCfg = Debug|Win32
		{8FF21676-2BD5-4DEC-9964-BE008EDA3B2D}.Debug|x86.Build.0 = Debug|Win32
		{8FF21676-2BD5-4DEC-9964-BE008EDA3B2D}.Release|x64.ActiveCfg = Release|x64
		{8FF21676-2BD5-4DEC-9964-BE008EDA3B2D}.Release|x64.Build.0 = Release|x64
		{8FF21676-2BD5-4DEC-9964-BE008EDA3B2D}.Release|x86.ActiveCfg = Release|Win32
		{8FF21676-2BD5-4DEC-9964-BE008EDA3B2D}.Release|x86.Build.0 = Release|Win32
		{CC978D21-6AB7-4330-8D00-B2ED06A0E27B}.Debug|x64.ActiveCfg = Debug|x64
		{CC978D21-6AB7-4330-8D00-B2ED06A0E27B}.Debug|x64.Build.0 = Debug|x64
		{CC978D21-6AB7-4330-8D00-B2ED06A0E27B}.Debug|x86.ActiveCfg = Debug|Win32
		{CC978D21-6AB7-4330-8D00-B2ED06A0E27B}.Debug|x86.Build.0 = Debug|Win32
		{CC978D21-6AB7-4330-8D00-B2ED06A0E27B}.Release|x64.ActiveCfg = Release|x64
		{CC978D21-6AB7-4330-8D00-B2ED06A0E27B}.Release|x64.Build.0 = Release|x64
		{CC978D21-6AB7-4330-8D00-B2ED06A0E27B}.Release|x86.ActiveCfg = Release|Win32
		{CC978D21-6AB7-4330-8D00-B2ED06A0E27B}.Release|x86.Build.0 = Release|Win32
		{CF39D4A5-2012-40E3-A86F-07B7F7A27829}.Debug|x64.ActiveCfg = Debug|x64
		{CF39D4A5-2012-40E3-A86F-07B7F7A27829}.Debug|x64.Build.0 = Debug|x64
		{CF39D4A5-2012-40E3-A86F-07B7F7A27829}.Debug|x86.ActiveCfg = Debug|Win32
		{CF39D4A5-2012-40E3-A86F-07B7F7A27829}.Debug|x86.Build.0 = Debug|Win32
		{CF39D4A5-2012-40E3-A86F-07B7F7A27829}.Release|x64.ActiveCfg = Release|x64
		{CF39D4A5-2012-40E3-A86F-07B7F7A27829}.Release|x64.Build.0 = Release|x64
		{CF39D4A5-2012-40E3-A86F-07B7F7A27829}.Release|x86.ActiveCfg = Release|Win32
		{CF39D4A5-2012-40E3-A86F-07B7F7A27829}.Release|x86.Build.0 = Release|Win32
		{AAC56818-44AD-405F-B28A-11AAA93EDED2}.Debug|x64.ActiveCfg = Debug|x64
		{AAC56818-44AD-405F-B28A-11AAA93EDED2}.Debug|x64.Build.0 = Debug|x64
		{AAC56818-44AD-405F-B28A-11AAA93EDED2}.Debug|x86.ActiveCfg = Debug|Win32
		{AAC56818-44AD-405F-B28A-11AAA93EDED2}.Debug|x86.Build.0 = Debug|Win32
		{AAC56818-44AD-405F-B28A-11AAA93EDED2}.Release|x64.ActiveCfg = Release|x64
		{AAC56818-44AD-405F-B28A-11AAA93EDED2}.Release|x64.Build.0 = Release|x64
		{AAC56818-44AD-405F-B28A-11AAA93EDED2}.Release|x86.ActiveCfg = Release|Win32
		{AAC56818-44AD-405F-B28A-11AAA93EDED2}.Release|x86.Build.0 = Release|Win32
		{FEDE7B43-8B85-495F-9D9A-59328152DBE8}.Debug|x64.ActiveCfg = Debug|x64
		{FEDE7B43-8B85-495F-9D9A-59328152DBE8}.Debug|x64.Build.0 = Debug|x64
		{FEDE7B43-8B85-495F-9D9A-59328152DBE8}.Debug|x86.ActiveCfg = Debug|Win32
		{FEDE7B43-8B85-495F-9D9A-59328152DBE8}.Debug|x86.Build.0 = Debug|Win32
		{FEDE7B43-8B85-495F-9D9A-59328152DBE8}.Release|x64.ActiveCfg = Release|x64
		{FEDE7B43-8B85-495F-9D9A-59328152DBE8}.Release|x64.Build.0 = Release|x64
		{FEDE7B43-8B85-495F-9D9A-59328152DBE8}.Release|x86.ActiveCfg = Release|Win32
		{FEDE7B43-8B85-495F-9D9A-59328152DBE8}.Release|x86.Build.0 = Release|Win32
		{F9FC6C9F-D55F-4DAC-8235-8C38FAF851A9}.Debug|x64.ActiveCfg = Debug|x64
		{F9FC6C9F-D55F-4DAC-8235-8C38FAF851A9}.Debug|x64.Build.0 = Debug|x64
		{F9FC6C9F-D55F-4DAC-8235-8C38FAF851A9}.Debug|x86.ActiveCfg = Debug|Win32
		{F9FC6C9F-D55F-4DAC-8235-8C38FAF851A9}.Debug|x86.Build.0 = Debug|Win32
		{F9FC6C9F-D55F-4DAC-8235-8C38FAF851A9}.Release|x64.ActiveCfg = Release|x64
		{F9FC6C9F-D55F-4DAC-8235-8C38FAF851A9}.Release|x64.Build.0 = Release|x64
		{F9FC6C9F-D55F-4DAC-8235-8C38FAF851A9}.Release|x86.ActiveCfg = Release|Win32
		{F9FC6C9F-D55F-4DAC-8235-8C38FAF851A9}.Release|x86.Build.0 = Release|Win32
		{4CD07E3E-D81B-4A3D-BAE0-42ED5B6678AD}.Debug|x64.ActiveCfg = Debug|x64
		{4CD07E3E-D81B-4A3D-BAE0-42ED5B6678AD}.Debug|x64.Build.0 = Debug|x64
		{4CD07E3E-D81B-4A3D-BAE0-42ED5B6678AD}.Debug|x86.ActiveCfg = Debug|Win32
		{4CD07E3E-D81B-4A3D-BAE0-42ED5B6678AD}.Debug|x86.Build.0 = Debug|Win32
		{4CD07E3E-D81B-4A3D-BAE0-42ED5B6678AD}.Release|x64.ActiveCfg = Release|x64
		{4CD07E3E-D81B-4A3D-BAE0-42ED5B6678AD}.Release|x64.Build.0 = Release|x64
		{4CD07E3E-D81B-4A3D-BAE0-42ED5B6678AD}.Release|x86.ActiveCfg = Release|Win32
		{4CD07E3E-D81B-4A3D-BAE0-42ED5B6678AD}.Release|x86.Build.0 = Release|Win32
	EndGlobalSection
	GlobalSection(SolutionProperties) = preSolution
		HideSolutionNode = FALSE
	EndGlobalSection
	GlobalSection(ExtensibilityGlobals) = postSolution
		SolutionGuid = {37C84459-6A93-4F5D-9956-ACA3C2A917FA}
	EndGlobalSection
EndGlobal
